
Microsoft Visual Studio Solution File, Format Version 12.00
# Visual Studio Version 17
VisualStudioVersion = 17.9.34616.47
MinimumVisualStudioVersion = 10.0.40219.1
Project("{9A19103F-16F7-4668-BE54-9A1E7A4F7556}") = "password-manager", "password-manager.csproj", "{28218FB3-2DF0-43C3-A143-7F62CAABD19F}"
EndProject
Project("{FAE04EC0-301F-11D3-BF4B-00C04F79EFBC}") = "Tests", "..\Tests\Tests.csproj", "{07EA908E-9D34-472A-B31B-994F8288A7CF}"
	ProjectSection(ProjectDependencies) = postProject
		{28218FB3-2DF0-43C3-A143-7F62CAABD19F} = {28218FB3-2DF0-43C3-A143-7F62CAABD19F}
	EndProjectSection
EndProject
Project("{FAE04EC0-301F-11D3-BF4B-00C04F79EFBC}") = "Tests", "..\Tests\Tests.csproj", "{2ECEB4E2-8077-42DA-AC57-C2829239B3AD}"
EndProject
Global
	GlobalSection(SolutionConfigurationPlatforms) = preSolution
		Debug|Any CPU = Debug|Any CPU
		Release|Any CPU = Release|Any CPU
	EndGlobalSection
	GlobalSection(ProjectConfigurationPlatforms) = postSolution
		{28218FB3-2DF0-43C3-A143-7F62CAABD19F}.Debug|Any CPU.ActiveCfg = Debug|Any CPU
		{28218FB3-2DF0-43C3-A143-7F62CAABD19F}.Debug|Any CPU.Build.0 = Debug|Any CPU
		{28218FB3-2DF0-43C3-A143-7F62CAABD19F}.Release|Any CPU.ActiveCfg = Release|Any CPU
		{28218FB3-2DF0-43C3-A143-7F62CAABD19F}.Release|Any CPU.Build.0 = Release|Any CPU
		{07EA908E-9D34-472A-B31B-994F8288A7CF}.Debug|Any CPU.ActiveCfg = Debug|Any CPU
		{07EA908E-9D34-472A-B31B-994F8288A7CF}.Debug|Any CPU.Build.0 = Debug|Any CPU
		{07EA908E-9D34-472A-B31B-994F8288A7CF}.Release|Any CPU.ActiveCfg = Release|Any CPU
		{07EA908E-9D34-472A-B31B-994F8288A7CF}.Release|Any CPU.Build.0 = Release|Any CPU
		{2ECEB4E2-8077-42DA-AC57-C2829239B3AD}.Debug|Any CPU.ActiveCfg = Debug|Any CPU
		{2ECEB4E2-8077-42DA-AC57-C2829239B3AD}.Debug|Any CPU.Build.0 = Debug|Any CPU
		{2ECEB4E2-8077-42DA-AC57-C2829239B3AD}.Release|Any CPU.ActiveCfg = Release|Any CPU
		{2ECEB4E2-8077-42DA-AC57-C2829239B3AD}.Release|Any CPU.Build.0 = Release|Any CPU
	EndGlobalSection
	GlobalSection(SolutionProperties) = preSolution
		HideSolutionNode = FALSE
	EndGlobalSection
	GlobalSection(ExtensibilityGlobals) = postSolution
		SolutionGuid = {E58E9EFE-8B6D-4C67-B7A7-6C8F2E633522}
	EndGlobalSection
EndGlobal
