
Microsoft Visual Studio Solution File, Format Version 12.00
# Visual Studio Version 16
VisualStudioVersion = 16.0.810.25
MinimumVisualStudioVersion = 10.0.40219.1
Project("{FAE04EC0-301F-11D3-BF4B-00C04F79EFBC}") = "password-manager", "password-manager\password-manager.csproj", "{012E1102-3E68-410A-835C-A6ED6A124E10}"
EndProject
Global
	GlobalSection(SolutionConfigurationPlatforms) = preSolution
		Debug|anycpu = Debug|anycpu
		Release|anycpu = Release|anycpu
	EndGlobalSection
	GlobalSection(ProjectConfigurationPlatforms) = postSolution
		{012E1102-3E68-410A-835C-A6ED6A124E10}.Debug|anycpu.ActiveCfg = Debug|anycpu
		{012E1102-3E68-410A-835C-A6ED6A124E10}.Debug|anycpu.Build.0 = Debug|anycpu
		{012E1102-3E68-410A-835C-A6ED6A124E10}.Release|anycpu.ActiveCfg = Release|anycpu
		{012E1102-3E68-410A-835C-A6ED6A124E10}.Release|anycpu.Build.0 = Release|anycpu
	EndGlobalSection
	GlobalSection(SolutionProperties) = preSolution
		HideSolutionNode = FALSE
	EndGlobalSection
	GlobalSection(ExtensibilityGlobals) = postSolution
		SolutionGuid = {48177D24-E51A-41C1-8E36-F82F1A73882C}
	EndGlobalSection
EndGlobal
